// !$*UTF8*$!
{
	archiveVersion = 1;
	classes = {
	};
	objectVersion = 48;
	objects = {

/* Begin PBXBuildFile section */
		C8244DC520E6186200F676D6 /* Localizable.strings in Resources */ = {isa = PBXBuildFile; fileRef = C8244DC420E6186200F676D6 /* Localizable.strings */; };
		C836E0C6205B896F00112765 /* AppDelegate.swift in Sources */ = {isa = PBXBuildFile; fileRef = C836E0C5205B896F00112765 /* AppDelegate.swift */; };
		C836E0CB205B896F00112765 /* Main.storyboard in Resources */ = {isa = PBXBuildFile; fileRef = C836E0C9205B896F00112765 /* Main.storyboard */; };
		C836E0CD205B896F00112765 /* Assets.xcassets in Resources */ = {isa = PBXBuildFile; fileRef = C836E0CC205B896F00112765 /* Assets.xcassets */; };
		C836E0D0205B896F00112765 /* LaunchScreen.storyboard in Resources */ = {isa = PBXBuildFile; fileRef = C836E0CE205B896F00112765 /* LaunchScreen.storyboard */; };
		C836E0DB205B897000112765 /* WorldTrotterTests.swift in Sources */ = {isa = PBXBuildFile; fileRef = C836E0DA205B897000112765 /* WorldTrotterTests.swift */; };
		C836E0E6205B897000112765 /* WorldTrotterUITests.swift in Sources */ = {isa = PBXBuildFile; fileRef = C836E0E5205B897000112765 /* WorldTrotterUITests.swift */; };
		C881CBD220BD1A9F00ACD19F /* MapKit.framework in Frameworks */ = {isa = PBXBuildFile; fileRef = C881CBD120BD1A9F00ACD19F /* MapKit.framework */; };
		C881CBD420BD28E000ACD19F /* MapViewController.swift in Sources */ = {isa = PBXBuildFile; fileRef = C881CBD320BD28E000ACD19F /* MapViewController.swift */; };
		C8CE5DBA20BB8F2C005DC049 /* ConversionViewController.swift in Sources */ = {isa = PBXBuildFile; fileRef = C8CE5DB920BB8F2C005DC049 /* ConversionViewController.swift */; };
/* End PBXBuildFile section */

/* Begin PBXContainerItemProxy section */
		C836E0D7205B897000112765 /* PBXContainerItemProxy */ = {
			isa = PBXContainerItemProxy;
			containerPortal = C836E0BA205B896F00112765 /* Project object */;
			proxyType = 1;
			remoteGlobalIDString = C836E0C1205B896F00112765;
			remoteInfo = WorldTrotter;
		};
		C836E0E2205B897000112765 /* PBXContainerItemProxy */ = {
			isa = PBXContainerItemProxy;
			containerPortal = C836E0BA205B896F00112765 /* Project object */;
			proxyType = 1;
			remoteGlobalIDString = C836E0C1205B896F00112765;
			remoteInfo = WorldTrotter;
		};
/* End PBXContainerItemProxy section */

/* Begin PBXFileReference section */
		C8244DC420E6186200F676D6 /* Localizable.strings */ = {isa = PBXFileReference; fileEncoding = 4; lastKnownFileType = text.plist.strings; path = Localizable.strings; sourceTree = "<group>"; };
		C836E0C2205B896F00112765 /* WorldTrotter.app */ = {isa = PBXFileReference; explicitFileType = wrapper.application; includeInIndex = 0; path = WorldTrotter.app; sourceTree = BUILT_PRODUCTS_DIR; };
		C836E0C5205B896F00112765 /* AppDelegate.swift */ = {isa = PBXFileReference; lastKnownFileType = sourcecode.swift; path = AppDelegate.swift; sourceTree = "<group>"; };
		C836E0CA205B896F00112765 /* Base */ = {isa = PBXFileReference; lastKnownFileType = file.storyboard; name = Base; path = Base.lproj/Main.storyboard; sourceTree = "<group>"; };
		C836E0CC205B896F00112765 /* Assets.xcassets */ = {isa = PBXFileReference; lastKnownFileType = folder.assetcatalog; path = Assets.xcassets; sourceTree = "<group>"; };
		C836E0CF205B896F00112765 /* Base */ = {isa = PBXFileReference; lastKnownFileType = file.storyboard; name = Base; path = Base.lproj/LaunchScreen.storyboard; sourceTree = "<group>"; };
		C836E0D1205B896F00112765 /* Info.plist */ = {isa = PBXFileReference; lastKnownFileType = text.plist.xml; path = Info.plist; sourceTree = "<group>"; };
		C836E0D6205B897000112765 /* WorldTrotterTests.xctest */ = {isa = PBXFileReference; explicitFileType = wrapper.cfbundle; includeInIndex = 0; path = WorldTrotterTests.xctest; sourceTree = BUILT_PRODUCTS_DIR; };
		C836E0DA205B897000112765 /* WorldTrotterTests.swift */ = {isa = PBXFileReference; lastKnownFileType = sourcecode.swift; path = WorldTrotterTests.swift; sourceTree = "<group>"; };
		C836E0DC205B897000112765 /* Info.plist */ = {isa = PBXFileReference; lastKnownFileType = text.plist.xml; path = Info.plist; sourceTree = "<group>"; };
		C836E0E1205B897000112765 /* WorldTrotterUITests.xctest */ = {isa = PBXFileReference; explicitFileType = wrapper.cfbundle; includeInIndex = 0; path = WorldTrotterUITests.xctest; sourceTree = BUILT_PRODUCTS_DIR; };
		C836E0E5205B897000112765 /* WorldTrotterUITests.swift */ = {isa = PBXFileReference; lastKnownFileType = sourcecode.swift; path = WorldTrotterUITests.swift; sourceTree = "<group>"; };
		C836E0E7205B897000112765 /* Info.plist */ = {isa = PBXFileReference; lastKnownFileType = text.plist.xml; path = Info.plist; sourceTree = "<group>"; };
		C881CBD120BD1A9F00ACD19F /* MapKit.framework */ = {isa = PBXFileReference; lastKnownFileType = wrapper.framework; name = MapKit.framework; path = System/Library/Frameworks/MapKit.framework; sourceTree = SDKROOT; };
		C881CBD320BD28E000ACD19F /* MapViewController.swift */ = {isa = PBXFileReference; lastKnownFileType = sourcecode.swift; path = MapViewController.swift; sourceTree = "<group>"; };
		C8893C7A20E60F9900AA22C0 /* en */ = {isa = PBXFileReference; lastKnownFileType = text.plist.strings; name = en; path = en.lproj/Main.strings; sourceTree = "<group>"; };
		C8893C7B20E6109700AA22C0 /* es */ = {isa = PBXFileReference; lastKnownFileType = text.plist.strings; name = es; path = es.lproj/Main.strings; sourceTree = "<group>"; };
		C8CE5DB920BB8F2C005DC049 /* ConversionViewController.swift */ = {isa = PBXFileReference; lastKnownFileType = sourcecode.swift; path = ConversionViewController.swift; sourceTree = "<group>"; };
/* End PBXFileReference section */

/* Begin PBXFrameworksBuildPhase section */
		C836E0BF205B896F00112765 /* Frameworks */ = {
			isa = PBXFrameworksBuildPhase;
			buildActionMask = 2147483647;
			files = (
				C881CBD220BD1A9F00ACD19F /* MapKit.framework in Frameworks */,
			);
			runOnlyForDeploymentPostprocessing = 0;
		};
		C836E0D3205B897000112765 /* Frameworks */ = {
			isa = PBXFrameworksBuildPhase;
			buildActionMask = 2147483647;
			files = (
			);
			runOnlyForDeploymentPostprocessing = 0;
		};
		C836E0DE205B897000112765 /* Frameworks */ = {
			isa = PBXFrameworksBuildPhase;
			buildActionMask = 2147483647;
			files = (
			);
			runOnlyForDeploymentPostprocessing = 0;
		};
/* End PBXFrameworksBuildPhase section */

/* Begin PBXGroup section */
		C836E0B9205B896F00112765 = {
			isa = PBXGroup;
			children = (
				C836E0C4205B896F00112765 /* WorldTrotter */,
				C836E0D9205B897000112765 /* WorldTrotterTests */,
				C836E0E4205B897000112765 /* WorldTrotterUITests */,
				C836E0C3205B896F00112765 /* Products */,
				C881CBD020BD1A9E00ACD19F /* Frameworks */,
			);
			sourceTree = "<group>";
		};
		C836E0C3205B896F00112765 /* Products */ = {
			isa = PBXGroup;
			children = (
				C836E0C2205B896F00112765 /* WorldTrotter.app */,
				C836E0D6205B897000112765 /* WorldTrotterTests.xctest */,
				C836E0E1205B897000112765 /* WorldTrotterUITests.xctest */,
			);
			name = Products;
			sourceTree = "<group>";
		};
		C836E0C4205B896F00112765 /* WorldTrotter */ = {
			isa = PBXGroup;
			children = (
				C836E0C5205B896F00112765 /* AppDelegate.swift */,
				C836E0C9205B896F00112765 /* Main.storyboard */,
				C836E0CC205B896F00112765 /* Assets.xcassets */,
				C836E0CE205B896F00112765 /* LaunchScreen.storyboard */,
				C8244DC420E6186200F676D6 /* Localizable.strings */,
				C836E0D1205B896F00112765 /* Info.plist */,
				C8CE5DB920BB8F2C005DC049 /* ConversionViewController.swift */,
				C881CBD320BD28E000ACD19F /* MapViewController.swift */,
			);
			path = WorldTrotter;
			sourceTree = "<group>";
		};
		C836E0D9205B897000112765 /* WorldTrotterTests */ = {
			isa = PBXGroup;
			children = (
				C836E0DA205B897000112765 /* WorldTrotterTests.swift */,
				C836E0DC205B897000112765 /* Info.plist */,
			);
			path = WorldTrotterTests;
			sourceTree = "<group>";
		};
		C836E0E4205B897000112765 /* WorldTrotterUITests */ = {
			isa = PBXGroup;
			children = (
				C836E0E5205B897000112765 /* WorldTrotterUITests.swift */,
				C836E0E7205B897000112765 /* Info.plist */,
			);
			path = WorldTrotterUITests;
			sourceTree = "<group>";
		};
		C881CBD020BD1A9E00ACD19F /* Frameworks */ = {
			isa = PBXGroup;
			children = (
				C881CBD120BD1A9F00ACD19F /* MapKit.framework */,
			);
			name = Frameworks;
			sourceTree = "<group>";
		};
/* End PBXGroup section */

/* Begin PBXNativeTarget section */
		C836E0C1205B896F00112765 /* WorldTrotter */ = {
			isa = PBXNativeTarget;
			buildConfigurationList = C836E0EA205B897000112765 /* Build configuration list for PBXNativeTarget "WorldTrotter" */;
			buildPhases = (
				C836E0BE205B896F00112765 /* Sources */,
				C836E0BF205B896F00112765 /* Frameworks */,
				C836E0C0205B896F00112765 /* Resources */,
			);
			buildRules = (
			);
			dependencies = (
			);
			name = WorldTrotter;
			productName = WorldTrotter;
			productReference = C836E0C2205B896F00112765 /* WorldTrotter.app */;
			productType = "com.apple.product-type.application";
		};
		C836E0D5205B897000112765 /* WorldTrotterTests */ = {
			isa = PBXNativeTarget;
			buildConfigurationList = C836E0ED205B897000112765 /* Build configuration list for PBXNativeTarget "WorldTrotterTests" */;
			buildPhases = (
				C836E0D2205B897000112765 /* Sources */,
				C836E0D3205B897000112765 /* Frameworks */,
				C836E0D4205B897000112765 /* Resources */,
			);
			buildRules = (
			);
			dependencies = (
				C836E0D8205B897000112765 /* PBXTargetDependency */,
			);
			name = WorldTrotterTests;
			productName = WorldTrotterTests;
			productReference = C836E0D6205B897000112765 /* WorldTrotterTests.xctest */;
			productType = "com.apple.product-type.bundle.unit-test";
		};
		C836E0E0205B897000112765 /* WorldTrotterUITests */ = {
			isa = PBXNativeTarget;
			buildConfigurationList = C836E0F0205B897000112765 /* Build configuration list for PBXNativeTarget "WorldTrotterUITests" */;
			buildPhases = (
				C836E0DD205B897000112765 /* Sources */,
				C836E0DE205B897000112765 /* Frameworks */,
				C836E0DF205B897000112765 /* Resources */,
			);
			buildRules = (
			);
			dependencies = (
				C836E0E3205B897000112765 /* PBXTargetDependency */,
			);
			name = WorldTrotterUITests;
			productName = WorldTrotterUITests;
			productReference = C836E0E1205B897000112765 /* WorldTrotterUITests.xctest */;
			productType = "com.apple.product-type.bundle.ui-testing";
		};
/* End PBXNativeTarget section */

/* Begin PBXProject section */
		C836E0BA205B896F00112765 /* Project object */ = {
			isa = PBXProject;
			attributes = {
				LastSwiftUpdateCheck = 0920;
				LastUpgradeCheck = 0930;
				ORGANIZATIONNAME = "Big Nerd Ranch";
				TargetAttributes = {
					C836E0C1205B896F00112765 = {
						CreatedOnToolsVersion = 9.2;
						ProvisioningStyle = Automatic;
					};
					C836E0D5205B897000112765 = {
						CreatedOnToolsVersion = 9.2;
						ProvisioningStyle = Automatic;
						TestTargetID = C836E0C1205B896F00112765;
					};
					C836E0E0205B897000112765 = {
						CreatedOnToolsVersion = 9.2;
						ProvisioningStyle = Automatic;
						TestTargetID = C836E0C1205B896F00112765;
					};
				};
			};
			buildConfigurationList = C836E0BD205B896F00112765 /* Build configuration list for PBXProject "WorldTrotter" */;
			compatibilityVersion = "Xcode 8.0";
			developmentRegion = en;
			hasScannedForEncodings = 0;
			knownRegions = (
				en,
				Base,
			);
			mainGroup = C836E0B9205B896F00112765;
			productRefGroup = C836E0C3205B896F00112765 /* Products */;
			projectDirPath = "";
			projectRoot = "";
			targets = (
				C836E0C1205B896F00112765 /* WorldTrotter */,
				C836E0D5205B897000112765 /* WorldTrotterTests */,
				C836E0E0205B897000112765 /* WorldTrotterUITests */,
			);
		};
/* End PBXProject section */

/* Begin PBXResourcesBuildPhase section */
		C836E0C0205B896F00112765 /* Resources */ = {
			isa = PBXResourcesBuildPhase;
			buildActionMask = 2147483647;
			files = (
				C836E0D0205B896F00112765 /* LaunchScreen.storyboard in Resources */,
				C8244DC520E6186200F676D6 /* Localizable.strings in Resources */,
				C836E0CD205B896F00112765 /* Assets.xcassets in Resources */,
				C836E0CB205B896F00112765 /* Main.storyboard in Resources */,
			);
			runOnlyForDeploymentPostprocessing = 0;
		};
		C836E0D4205B897000112765 /* Resources */ = {
			isa = PBXResourcesBuildPhase;
			buildActionMask = 2147483647;
			files = (
			);
			runOnlyForDeploymentPostprocessing = 0;
		};
		C836E0DF205B897000112765 /* Resources */ = {
			isa = PBXResourcesBuildPhase;
			buildActionMask = 2147483647;
			files = (
			);
			runOnlyForDeploymentPostprocessing = 0;
		};
/* End PBXResourcesBuildPhase section */

/* Begin PBXSourcesBuildPhase section */
		C836E0BE205B896F00112765 /* Sources */ = {
			isa = PBXSourcesBuildPhase;
			buildActionMask = 2147483647;
			files = (
				C8CE5DBA20BB8F2C005DC049 /* ConversionViewController.swift in Sources */,
				C881CBD420BD28E000ACD19F /* MapViewController.swift in Sources */,
				C836E0C6205B896F00112765 /* AppDelegate.swift in Sources */,
			);
			runOnlyForDeploymentPostprocessing = 0;
		};
		C836E0D2205B897000112765 /* Sources */ = {
			isa = PBXSourcesBuildPhase;
			buildActionMask = 2147483647;
			files = (
				C836E0DB205B897000112765 /* WorldTrotterTests.swift in Sources */,
			);
			runOnlyForDeploymentPostprocessing = 0;
		};
		C836E0DD205B897000112765 /* Sources */ = {
			isa = PBXSourcesBuildPhase;
			buildActionMask = 2147483647;
			files = (
				C836E0E6205B897000112765 /* WorldTrotterUITests.swift in Sources */,
			);
			runOnlyForDeploymentPostprocessing = 0;
		};
/* End PBXSourcesBuildPhase section */

/* Begin PBXTargetDependency section */
		C836E0D8205B897000112765 /* PBXTargetDependency */ = {
			isa = PBXTargetDependency;
			target = C836E0C1205B896F00112765 /* WorldTrotter */;
			targetProxy = C836E0D7205B897000112765 /* PBXContainerItemProxy */;
		};
		C836E0E3205B897000112765 /* PBXTargetDependency */ = {
			isa = PBXTargetDependency;
			target = C836E0C1205B896F00112765 /* WorldTrotter */;
			targetProxy = C836E0E2205B897000112765 /* PBXContainerItemProxy */;
		};
/* End PBXTargetDependency section */

/* Begin PBXVariantGroup section */
		C836E0C9205B896F00112765 /* Main.storyboard */ = {
			isa = PBXVariantGroup;
			children = (
				C836E0CA205B896F00112765 /* Base */,
				C8893C7A20E60F9900AA22C0 /* en */,
				C8893C7B20E6109700AA22C0 /* es */,
			);
			name = Main.storyboard;
			sourceTree = "<group>";
		};
		C836E0CE205B896F00112765 /* LaunchScreen.storyboard */ = {
			isa = PBXVariantGroup;
			children = (
				C836E0CF205B896F00112765 /* Base */,
			);
			name = LaunchScreen.storyboard;
			sourceTree = "<group>";
		};
/* End PBXVariantGroup section */

/* Begin XCBuildConfiguration section */
		C836E0E8205B897000112765 /* Debug */ = {
			isa = XCBuildConfiguration;
			buildSettings = {
				ALWAYS_SEARCH_USER_PATHS = NO;
				CLANG_ANALYZER_LOCALIZABILITY_NONLOCALIZED = YES;
				CLANG_ANALYZER_NONNULL = YES;
				CLANG_ANALYZER_NUMBER_OBJECT_CONVERSION = YES_AGGRESSIVE;
				CLANG_CXX_LANGUAGE_STANDARD = "gnu++14";
				CLANG_CXX_LIBRARY = "libc++";
				CLANG_ENABLE_MODULES = YES;
				CLANG_ENABLE_OBJC_ARC = YES;
				CLANG_WARN_BLOCK_CAPTURE_AUTORELEASING = YES;
				CLANG_WARN_BOOL_CONVERSION = YES;
				CLANG_WARN_COMMA = YES;
				CLANG_WARN_CONSTANT_CONVERSION = YES;
				CLANG_WARN_DEPRECATED_OBJC_IMPLEMENTATIONS = YES;
				CLANG_WARN_DIRECT_OBJC_ISA_USAGE = YES_ERROR;
				CLANG_WARN_DOCUMENTATION_COMMENTS = YES;
				CLANG_WARN_EMPTY_BODY = YES;
				CLANG_WARN_ENUM_CONVERSION = YES;
				CLANG_WARN_INFINITE_RECURSION = YES;
				CLANG_WARN_INT_CONVERSION = YES;
				CLANG_WARN_NON_LITERAL_NULL_CONVERSION = YES;
				CLANG_WARN_OBJC_IMPLICIT_RETAIN_SELF = YES;
				CLANG_WARN_OBJC_LITERAL_CONVERSION = YES;
				CLANG_WARN_OBJC_ROOT_CLASS = YES_ERROR;
				CLANG_WARN_RANGE_LOOP_ANALYSIS = YES;
				CLANG_WARN_STRICT_PROTOTYPES = YES;
				CLANG_WARN_SUSPICIOUS_MOVE = YES;
				CLANG_WARN_UNGUARDED_AVAILABILITY = YES_AGGRESSIVE;
				CLANG_WARN_UNREACHABLE_CODE = YES;
				CLANG_WARN__DUPLICATE_METHOD_MATCH = YES;
				CODE_SIGN_IDENTITY = "iPhone Developer";
				COPY_PHASE_STRIP = NO;
				DEBUG_INFORMATION_FORMAT = dwarf;
				ENABLE_STRICT_OBJC_MSGSEND = YES;
				ENABLE_TESTABILITY = YES;
				GCC_C_LANGUAGE_STANDARD = gnu11;
				GCC_DYNAMIC_NO_PIC = NO;
				GCC_NO_COMMON_BLOCKS = YES;
				GCC_OPTIMIZATION_LEVEL = 0;
				GCC_PREPROCESSOR_DEFINITIONS = (
					"DEBUG=1",
					"$(inherited)",
				);
				GCC_WARN_64_TO_32_BIT_CONVERSION = YES;
				GCC_WARN_ABOUT_RETURN_TYPE = YES_ERROR;
				GCC_WARN_UNDECLARED_SELECTOR = YES;
				GCC_WARN_UNINITIALIZED_AUTOS = YES_AGGRESSIVE;
				GCC_WARN_UNUSED_FUNCTION = YES;
				GCC_WARN_UNUSED_VARIABLE = YES;
				IPHONEOS_DEPLOYMENT_TARGET = 11.2;
				MTL_ENABLE_DEBUG_INFO = YES;
				ONLY_ACTIVE_ARCH = YES;
				SDKROOT = iphoneos;
				SWIFT_ACTIVE_COMPILATION_CONDITIONS = DEBUG;
				SWIFT_OPTIMIZATION_LEVEL = "-Onone";
			};
			name = Debug;
		};
		C836E0E9205B897000112765 /* Release */ = {
			isa = XCBuildConfiguration;
			buildSettings = {
				ALWAYS_SEARCH_USER_PATHS = NO;
				CLANG_ANALYZER_LOCALIZABILITY_NONLOCALIZED = YES;
				CLANG_ANALYZER_NONNULL = YES;
				CLANG_ANALYZER_NUMBER_OBJECT_CONVERSION = YES_AGGRESSIVE;
				CLANG_CXX_LANGUAGE_STANDARD = "gnu++14";
				CLANG_CXX_LIBRARY = "libc++";
				CLANG_ENABLE_MODULES = YES;
				CLANG_ENABLE_OBJC_ARC = YES;
				CLANG_WARN_BLOCK_CAPTURE_AUTORELEASING = YES;
				CLANG_WARN_BOOL_CONVERSION = YES;
				CLANG_WARN_COMMA = YES;
				CLANG_WARN_CONSTANT_CONVERSION = YES;
				CLANG_WARN_DEPRECATED_OBJC_IMPLEMENTATIONS = YES;
				CLANG_WARN_DIRECT_OBJC_ISA_USAGE = YES_ERROR;
				CLANG_WARN_DOCUMENTATION_COMMENTS = YES;
				CLANG_WARN_EMPTY_BODY = YES;
				CLANG_WARN_ENUM_CONVERSION = YES;
				CLANG_WARN_INFINITE_RECURSION = YES;
				CLANG_WARN_INT_CONVERSION = YES;
				CLANG_WARN_NON_LITERAL_NULL_CONVERSION = YES;
				CLANG_WARN_OBJC_IMPLICIT_RETAIN_SELF = YES;
				CLANG_WARN_OBJC_LITERAL_CONVERSION = YES;
				CLANG_WARN_OBJC_ROOT_CLASS = YES_ERROR;
				CLANG_WARN_RANGE_LOOP_ANALYSIS = YES;
				CLANG_WARN_STRICT_PROTOTYPES = YES;
				CLANG_WARN_SUSPICIOUS_MOVE = YES;
				CLANG_WARN_UNGUARDED_AVAILABILITY = YES_AGGRESSIVE;
				CLANG_WARN_UNREACHABLE_CODE = YES;
				CLANG_WARN__DUPLICATE_METHOD_MATCH = YES;
				CODE_SIGN_IDENTITY = "iPhone Developer";
				COPY_PHASE_STRIP = NO;
				DEBUG_INFORMATION_FORMAT = "dwarf-with-dsym";
				ENABLE_NS_ASSERTIONS = NO;
				ENABLE_STRICT_OBJC_MSGSEND = YES;
				GCC_C_LANGUAGE_STANDARD = gnu11;
				GCC_NO_COMMON_BLOCKS = YES;
				GCC_WARN_64_TO_32_BIT_CONVERSION = YES;
				GCC_WARN_ABOUT_RETURN_TYPE = YES_ERROR;
				GCC_WARN_UNDECLARED_SELECTOR = YES;
				GCC_WARN_UNINITIALIZED_AUTOS = YES_AGGRESSIVE;
				GCC_WARN_UNUSED_FUNCTION = YES;
				GCC_WARN_UNUSED_VARIABLE = YES;
				IPHONEOS_DEPLOYMENT_TARGET = 11.2;
				MTL_ENABLE_DEBUG_INFO = NO;
				SDKROOT = iphoneos;
				SWIFT_OPTIMIZATION_LEVEL = "-Owholemodule";
				VALIDATE_PRODUCT = YES;
			};
			name = Release;
		};
		C836E0EB205B897000112765 /* Debug */ = {
			isa = XCBuildConfiguration;
			buildSettings = {
				ASSETCATALOG_COMPILER_APPICON_NAME = AppIcon;
				CODE_SIGN_STYLE = Automatic;
				INFOPLIST_FILE = WorldTrotter/Info.plist;
				LD_RUNPATH_SEARCH_PATHS = "$(inherited) @executable_path/Frameworks";
				PRODUCT_BUNDLE_IDENTIFIER = com.bignerdranch.WorldTrotter;
				PRODUCT_NAME = "$(TARGET_NAME)";
				SWIFT_VERSION = 4.0;
				TARGETED_DEVICE_FAMILY = "1,2";
			};
			name = Debug;
		};
		C836E0EC205B897000112765 /* Release */ = {
			isa = XCBuildConfiguration;
			buildSettings = {
				ASSETCATALOG_COMPILER_APPICON_NAME = AppIcon;
				CODE_SIGN_STYLE = Automatic;
				INFOPLIST_FILE = WorldTrotter/Info.plist;
				LD_RUNPATH_SEARCH_PATHS = "$(inherited) @executable_path/Frameworks";
				PRODUCT_BUNDLE_IDENTIFIER = com.bignerdranch.WorldTrotter;
				PRODUCT_NAME = "$(TARGET_NAME)";
				SWIFT_VERSION = 4.0;
				TARGETED_DEVICE_FAMILY = "1,2";
			};
			name = Release;
		};
		C836E0EE205B897000112765 /* Debug */ = {
			isa = XCBuildConfiguration;
			buildSettings = {
				ALWAYS_EMBED_SWIFT_STANDARD_LIBRARIES = YES;
				BUNDLE_LOADER = "$(TEST_HOST)";
				CODE_SIGN_STYLE = Automatic;
				INFOPLIST_FILE = WorldTrotterTests/Info.plist;
				LD_RUNPATH_SEARCH_PATHS = "$(inherited) @executable_path/Frameworks @loader_path/Frameworks";
				PRODUCT_BUNDLE_IDENTIFIER = com.bignerdranch.WorldTrotterTests;
				PRODUCT_NAME = "$(TARGET_NAME)";
				SWIFT_VERSION = 4.0;
				TARGETED_DEVICE_FAMILY = "1,2";
				TEST_HOST = "$(BUILT_PRODUCTS_DIR)/WorldTrotter.app/WorldTrotter";
			};
			name = Debug;
		};
		C836E0EF205B897000112765 /* Release */ = {
			isa = XCBuildConfiguration;
			buildSettings = {
				ALWAYS_EMBED_SWIFT_STANDARD_LIBRARIES = YES;
				BUNDLE_LOADER = "$(TEST_HOST)";
				CODE_SIGN_STYLE = Automatic;
				INFOPLIST_FILE = WorldTrotterTests/Info.plist;
				LD_RUNPATH_SEARCH_PATHS = "$(inherited) @executable_path/Frameworks @loader_path/Frameworks";
				PRODUCT_BUNDLE_IDENTIFIER = com.bignerdranch.WorldTrotterTests;
				PRODUCT_NAME = "$(TARGET_NAME)";
				SWIFT_VERSION = 4.0;
				TARGETED_DEVICE_FAMILY = "1,2";
				TEST_HOST = "$(BUILT_PRODUCTS_DIR)/WorldTrotter.app/WorldTrotter";
			};
			name = Release;
		};
		C836E0F1205B897000112765 /* Debug */ = {
			isa = XCBuildConfiguration;
			buildSettings = {
				ALWAYS_EMBED_SWIFT_STANDARD_LIBRARIES = YES;
				CODE_SIGN_STYLE = Automatic;
				INFOPLIST_FILE = WorldTrotterUITests/Info.plist;
				LD_RUNPATH_SEARCH_PATHS = "$(inherited) @executable_path/Frameworks @loader_path/Frameworks";
				PRODUCT_BUNDLE_IDENTIFIER = com.bignerdranch.WorldTrotterUITests;
				PRODUCT_NAME = "$(TARGET_NAME)";
				SWIFT_VERSION = 4.0;
				TARGETED_DEVICE_FAMILY = "1,2";
				TEST_TARGET_NAME = WorldTrotter;
			};
			name = Debug;
		};
		C836E0F2205B897000112765 /* Release */ = {
			isa = XCBuildConfiguration;
			buildSettings = {
				ALWAYS_EMBED_SWIFT_STANDARD_LIBRARIES = YES;
				CODE_SIGN_STYLE = Automatic;
				INFOPLIST_FILE = WorldTrotterUITests/Info.plist;
				LD_RUNPATH_SEARCH_PATHS = "$(inherited) @executable_path/Frameworks @loader_path/Frameworks";
				PRODUCT_BUNDLE_IDENTIFIER = com.bignerdranch.WorldTrotterUITests;
				PRODUCT_NAME = "$(TARGET_NAME)";
				SWIFT_VERSION = 4.0;
				TARGETED_DEVICE_FAMILY = "1,2";
				TEST_TARGET_NAME = WorldTrotter;
			};
			name = Release;
		};
/* End XCBuildConfiguration section */

/* Begin XCConfigurationList section */
		C836E0BD205B896F00112765 /* Build configuration list for PBXProject "WorldTrotter" */ = {
			isa = XCConfigurationList;
			buildConfigurations = (
				C836E0E8205B897000112765 /* Debug */,
				C836E0E9205B897000112765 /* Release */,
			);
			defaultConfigurationIsVisible = 0;
			defaultConfigurationName = Release;
		};
		C836E0EA205B897000112765 /* Build configuration list for PBXNativeTarget "WorldTrotter" */ = {
			isa = XCConfigurationList;
			buildConfigurations = (
				C836E0EB205B897000112765 /* Debug */,
				C836E0EC205B897000112765 /* Release */,
			);
			defaultConfigurationIsVisible = 0;
			defaultConfigurationName = Release;
		};
		C836E0ED205B897000112765 /* Build configuration list for PBXNativeTarget "WorldTrotterTests" */ = {
			isa = XCConfigurationList;
			buildConfigurations = (
				C836E0EE205B897000112765 /* Debug */,
				C836E0EF205B897000112765 /* Release */,
			);
			defaultConfigurationIsVisible = 0;
			defaultConfigurationName = Release;
		};
		C836E0F0205B897000112765 /* Build configuration list for PBXNativeTarget "WorldTrotterUITests" */ = {
			isa = XCConfigurationList;
			buildConfigurations = (
				C836E0F1205B897000112765 /* Debug */,
				C836E0F2205B897000112765 /* Release */,
			);
			defaultConfigurationIsVisible = 0;
			defaultConfigurationName = Release;
		};
/* End XCConfigurationList section */
	};
	rootObject = C836E0BA205B896F00112765 /* Project object */;
}
